
Microsoft Visual Studio Solution File, Format Version 12.00
# Visual Studio Version 17
VisualStudioVersion = 17.14.36202.13 d17.14
MinimumVisualStudioVersion = 10.0.40219.1
Project("{FAE04EC0-301F-11D3-BF4B-00C04F79EFBC}") = "StockExchange", "StockExchange\StockExchange.csproj", "{145DC9EF-A256-4B18-8B98-9C76AB321727}"
EndProject
Global
	GlobalSection(SolutionConfigurationPlatforms) = preSolution
		Debug|Any CPU = Debug|Any CPU
		Release|Any CPU = Release|Any CPU
	EndGlobalSection
	GlobalSection(ProjectConfigurationPlatforms) = postSolution
		{145DC9EF-A256-4B18-8B98-9C76AB321727}.Debug|Any CPU.ActiveCfg = Debug|Any CPU
		{145DC9EF-A256-4B18-8B98-9C76AB321727}.Debug|Any CPU.Build.0 = Debug|Any CPU
		{145DC9EF-A256-4B18-8B98-9C76AB321727}.Release|Any CPU.ActiveCfg = Release|Any CPU
		{145DC9EF-A256-4B18-8B98-9C76AB321727}.Release|Any CPU.Build.0 = Release|Any CPU
	EndGlobalSection
	GlobalSection(SolutionProperties) = preSolution
		HideSolutionNode = FALSE
	EndGlobalSection
	GlobalSection(ExtensibilityGlobals) = postSolution
		SolutionGuid = {20903A69-F9DB-461C-86A0-C4E274063F3D}
	EndGlobalSection
EndGlobal
